hash: 53a00229bbadf911652e358fc07940883b01b3df84a15d33a842c0b3f54c404c
updated: 2017-06-06T12:05:15.923865698+01:00
imports:
- name: github.com/facebookgo/inject
  version: cc1aa653e50f6a9893bcaef89e673e5b24e1e97b
- name: github.com/facebookgo/structtag
  version: 217e25fb96916cc60332e399c9aa63f5c422ceed
- name: github.com/jinzhu/gorm
  version: 5174cc5c242a728b435ea2be8a2f7f998e15429b
  subpackages:
  - dialects/postgres
- name: github.com/jinzhu/inflection
  version: 1c35d901db3da928c72a72d8458480cc9ade058f
- name: github.com/lib/pq
  version: 8837942c3e09574accbc5f150e2c5e057189cace
  subpackages:
  - hstore
  - oid
- name: github.com/streadway/amqp
  version: dfe15e36048539f4cda41f240b27a5ca25b9cd46
testImports: []
